
Microsoft Visual Studio Solution File, Format Version 12.00
# Visual Studio 15
VisualStudioVersion = 15.0.28010.2046
MinimumVisualStudioVersion = 10.0.40219.1
Project("{8BC9CEB8-8B4A-11D0-8D11-00A0C91BC942}") = "config", "..\include\config.vcxproj", "{577379D3-6823-4DAB-9A1F-DDF4CC4FD902}"
EndProject
Project("{8BC9CEB8-8B4A-11D0-8D11-00A0C91BC942}") = "bits", "..\include\bits.vcxproj", "{7C844DAB-5132-4776-9074-F75D1B551469}"
	ProjectSection(ProjectDependencies) = postProject
		{577379D3-6823-4DAB-9A1F-DDF4CC4FD902} = {577379D3-6823-4DAB-9A1F-DDF4CC4FD902}
	EndProjectSection
EndProject
Project("{8BC9CEB8-8B4A-11D0-8D11-00A0C91BC942}") = "make-roken", "..\lib\roken\make-roken.vcxproj", "{764D7993-1B14-4E9E-9D29-4B58CBE68CEE}"
	ProjectSection(ProjectDependencies) = postProject
		{7C844DAB-5132-4776-9074-F75D1B551469} = {7C844DAB-5132-4776-9074-F75D1B551469}
		{577379D3-6823-4DAB-9A1F-DDF4CC4FD902} = {577379D3-6823-4DAB-9A1F-DDF4CC4FD902}
	EndProjectSection
EndProject
Project("{8BC9CEB8-8B4A-11D0-8D11-00A0C91BC942}") = "libroken", "..\lib\roken\libroken.vcxproj", "{7D9BE546-C20D-4B82-A5C0-BCD70941CCE0}"
	ProjectSection(ProjectDependencies) = postProject
		{764D7993-1B14-4E9E-9D29-4B58CBE68CEE} = {764D7993-1B14-4E9E-9D29-4B58CBE68CEE}
		{7C844DAB-5132-4776-9074-F75D1B551469} = {7C844DAB-5132-4776-9074-F75D1B551469}
		{577379D3-6823-4DAB-9A1F-DDF4CC4FD902} = {577379D3-6823-4DAB-9A1F-DDF4CC4FD902}
	EndProjectSection
EndProject
Project("{2150E333-8FDC-42A3-9474-1A3956D46DE8}") = "Tests", "Tests", "{42625341-5960-4F97-B166-FEFA0271CCF5}"
EndProject
Project("{2150E333-8FDC-42A3-9474-1A3956D46DE8}") = "Roken", "Roken", "{9CB217CC-7729-44A9-97EB-53453CB9545E}"
EndProject
Project("{8BC9CEB8-8B4A-11D0-8D11-00A0C91BC942}") = "base64-test", "..\lib\roken\base64-test.vcxproj", "{6C93FCE3-ADA4-4D2D-8018-F3A5BC8EC189}"
	ProjectSection(ProjectDependencies) = postProject
		{7D9BE546-C20D-4B82-A5C0-BCD70941CCE0} = {7D9BE546-C20D-4B82-A5C0-BCD70941CCE0}
	EndProjectSection
EndProject
Project("{8BC9CEB8-8B4A-11D0-8D11-00A0C91BC942}") = "getaddrinfo-test", "..\lib\roken\getaddrinfo-test.vcxproj", "{883B7328-D1A9-478B-9963-211BB1934A91}"
	ProjectSection(ProjectDependencies) = postProject
		{7D9BE546-C20D-4B82-A5C0-BCD70941CCE0} = {7D9BE546-C20D-4B82-A5C0-BCD70941CCE0}
	EndProjectSection
EndProject
Project("{8BC9CEB8-8B4A-11D0-8D11-00A0C91BC942}") = "test-mini_inetd", "..\lib\roken\test-mini_inetd.vcxproj", "{FC25FB6D-4D72-456E-8390-4242E44AA609}"
	ProjectSection(ProjectDependencies) = postProject
		{7D9BE546-C20D-4B82-A5C0-BCD70941CCE0} = {7D9BE546-C20D-4B82-A5C0-BCD70941CCE0}
	EndProjectSection
EndProject
Project("{8BC9CEB8-8B4A-11D0-8D11-00A0C91BC942}") = "dirent-test", "..\lib\roken\dirent-test.vcxproj", "{A3D43E90-D4A5-4468-A41A-27E4F9D5F46A}"
	ProjectSection(ProjectDependencies) = postProject
		{7D9BE546-C20D-4B82-A5C0-BCD70941CCE0} = {7D9BE546-C20D-4B82-A5C0-BCD70941CCE0}
	EndProjectSection
EndProject
Project("{8BC9CEB8-8B4A-11D0-8D11-00A0C91BC942}") = "getifaddrs-test", "..\lib\roken\getifaddrs-test.vcxproj", "{0CAD0FFC-E495-4729-858D-B4799F536EE7}"
	ProjectSection(ProjectDependencies) = postProject
		{7D9BE546-C20D-4B82-A5C0-BCD70941CCE0} = {7D9BE546-C20D-4B82-A5C0-BCD70941CCE0}
	EndProjectSection
EndProject
Project("{8BC9CEB8-8B4A-11D0-8D11-00A0C91BC942}") = "hex-test", "..\lib\roken\hex-test.vcxproj", "{14AFB9B7-139A-4FB0-983C-2AC745DCF9E9}"
	ProjectSection(ProjectDependencies) = postProject
		{7D9BE546-C20D-4B82-A5C0-BCD70941CCE0} = {7D9BE546-C20D-4B82-A5C0-BCD70941CCE0}
	EndProjectSection
EndProject
Project("{8BC9CEB8-8B4A-11D0-8D11-00A0C91BC942}") = "test-readenv", "..\lib\roken\test-readenv.vcxproj", "{A36CE595-5C13-4AE9-8E14-E432407D4299}"
	ProjectSection(ProjectDependencies) = postProject
		{7D9BE546-C20D-4B82-A5C0-BCD70941CCE0} = {7D9BE546-C20D-4B82-A5C0-BCD70941CCE0}
	EndProjectSection
EndProject
Project("{8BC9CEB8-8B4A-11D0-8D11-00A0C91BC942}") = "parse_bytes-test", "..\lib\roken\parse_bytes-test.vcxproj", "{8FACE3D6-8140-41DD-A524-00E7D7D2E48E}"
	ProjectSection(ProjectDependencies) = postProject
		{7D9BE546-C20D-4B82-A5C0-BCD70941CCE0} = {7D9BE546-C20D-4B82-A5C0-BCD70941CCE0}
	EndProjectSection
EndProject
Project("{8BC9CEB8-8B4A-11D0-8D11-00A0C91BC942}") = "parse_bytes-test", "..\lib\roken\parse_time-test.vcxproj", "{48ED85B1-C706-419E-897A-FE028EEC9E7A}"
	ProjectSection(ProjectDependencies) = postProject
		{7D9BE546-C20D-4B82-A5C0-BCD70941CCE0} = {7D9BE546-C20D-4B82-A5C0-BCD70941CCE0}
	EndProjectSection
EndProject
Global
	GlobalSection(SolutionConfigurationPlatforms) = preSolution
		Debug|x64 = Debug|x64
		Debug|x86 = Debug|x86
		Release|x64 = Release|x64
		Release|x86 = Release|x86
	EndGlobalSection
	GlobalSection(ProjectConfigurationPlatforms) = postSolution
		{577379D3-6823-4DAB-9A1F-DDF4CC4FD902}.Debug|x64.ActiveCfg = Debug|x64
		{577379D3-6823-4DAB-9A1F-DDF4CC4FD902}.Debug|x64.Build.0 = Debug|x64
		{577379D3-6823-4DAB-9A1F-DDF4CC4FD902}.Debug|x86.ActiveCfg = Debug|Win32
		{577379D3-6823-4DAB-9A1F-DDF4CC4FD902}.Debug|x86.Build.0 = Debug|Win32
		{577379D3-6823-4DAB-9A1F-DDF4CC4FD902}.Release|x64.ActiveCfg = Release|x64
		{577379D3-6823-4DAB-9A1F-DDF4CC4FD902}.Release|x64.Build.0 = Release|x64
		{577379D3-6823-4DAB-9A1F-DDF4CC4FD902}.Release|x86.ActiveCfg = Release|Win32
		{577379D3-6823-4DAB-9A1F-DDF4CC4FD902}.Release|x86.Build.0 = Release|Win32
		{7C844DAB-5132-4776-9074-F75D1B551469}.Debug|x64.ActiveCfg = Debug|x64
		{7C844DAB-5132-4776-9074-F75D1B551469}.Debug|x64.Build.0 = Debug|x64
		{7C844DAB-5132-4776-9074-F75D1B551469}.Debug|x86.ActiveCfg = Debug|Win32
		{7C844DAB-5132-4776-9074-F75D1B551469}.Debug|x86.Build.0 = Debug|Win32
		{7C844DAB-5132-4776-9074-F75D1B551469}.Release|x64.ActiveCfg = Release|x64
		{7C844DAB-5132-4776-9074-F75D1B551469}.Release|x64.Build.0 = Release|x64
		{7C844DAB-5132-4776-9074-F75D1B551469}.Release|x86.ActiveCfg = Release|Win32
		{7C844DAB-5132-4776-9074-F75D1B551469}.Release|x86.Build.0 = Release|Win32
		{764D7993-1B14-4E9E-9D29-4B58CBE68CEE}.Debug|x64.ActiveCfg = Debug|x64
		{764D7993-1B14-4E9E-9D29-4B58CBE68CEE}.Debug|x64.Build.0 = Debug|x64
		{764D7993-1B14-4E9E-9D29-4B58CBE68CEE}.Debug|x86.ActiveCfg = Debug|Win32
		{764D7993-1B14-4E9E-9D29-4B58CBE68CEE}.Debug|x86.Build.0 = Debug|Win32
		{764D7993-1B14-4E9E-9D29-4B58CBE68CEE}.Release|x64.ActiveCfg = Release|x64
		{764D7993-1B14-4E9E-9D29-4B58CBE68CEE}.Release|x64.Build.0 = Release|x64
		{764D7993-1B14-4E9E-9D29-4B58CBE68CEE}.Release|x86.ActiveCfg = Release|Win32
		{764D7993-1B14-4E9E-9D29-4B58CBE68CEE}.Release|x86.Build.0 = Release|Win32
		{7D9BE546-C20D-4B82-A5C0-BCD70941CCE0}.Debug|x64.ActiveCfg = Debug|x64
		{7D9BE546-C20D-4B82-A5C0-BCD70941CCE0}.Debug|x64.Build.0 = Debug|x64
		{7D9BE546-C20D-4B82-A5C0-BCD70941CCE0}.Debug|x86.ActiveCfg = Debug|Win32
		{7D9BE546-C20D-4B82-A5C0-BCD70941CCE0}.Debug|x86.Build.0 = Debug|Win32
		{7D9BE546-C20D-4B82-A5C0-BCD70941CCE0}.Release|x64.ActiveCfg = Release|x64
		{7D9BE546-C20D-4B82-A5C0-BCD70941CCE0}.Release|x64.Build.0 = Release|x64
		{7D9BE546-C20D-4B82-A5C0-BCD70941CCE0}.Release|x86.ActiveCfg = Release|Win32
		{7D9BE546-C20D-4B82-A5C0-BCD70941CCE0}.Release|x86.Build.0 = Release|Win32
		{6C93FCE3-ADA4-4D2D-8018-F3A5BC8EC189}.Debug|x64.ActiveCfg = Debug|x64
		{6C93FCE3-ADA4-4D2D-8018-F3A5BC8EC189}.Debug|x64.Build.0 = Debug|x64
		{6C93FCE3-ADA4-4D2D-8018-F3A5BC8EC189}.Debug|x86.ActiveCfg = Debug|Win32
		{6C93FCE3-ADA4-4D2D-8018-F3A5BC8EC189}.Debug|x86.Build.0 = Debug|Win32
		{6C93FCE3-ADA4-4D2D-8018-F3A5BC8EC189}.Release|x64.ActiveCfg = Release|x64
		{6C93FCE3-ADA4-4D2D-8018-F3A5BC8EC189}.Release|x64.Build.0 = Release|x64
		{6C93FCE3-ADA4-4D2D-8018-F3A5BC8EC189}.Release|x86.ActiveCfg = Release|Win32
		{6C93FCE3-ADA4-4D2D-8018-F3A5BC8EC189}.Release|x86.Build.0 = Release|Win32
		{883B7328-D1A9-478B-9963-211BB1934A91}.Debug|x64.ActiveCfg = Debug|x64
		{883B7328-D1A9-478B-9963-211BB1934A91}.Debug|x64.Build.0 = Debug|x64
		{883B7328-D1A9-478B-9963-211BB1934A91}.Debug|x86.ActiveCfg = Debug|Win32
		{883B7328-D1A9-478B-9963-211BB1934A91}.Debug|x86.Build.0 = Debug|Win32
		{883B7328-D1A9-478B-9963-211BB1934A91}.Release|x64.ActiveCfg = Release|x64
		{883B7328-D1A9-478B-9963-211BB1934A91}.Release|x64.Build.0 = Release|x64
		{883B7328-D1A9-478B-9963-211BB1934A91}.Release|x86.ActiveCfg = Release|Win32
		{883B7328-D1A9-478B-9963-211BB1934A91}.Release|x86.Build.0 = Release|Win32
		{FC25FB6D-4D72-456E-8390-4242E44AA609}.Debug|x64.ActiveCfg = Debug|x64
		{FC25FB6D-4D72-456E-8390-4242E44AA609}.Debug|x64.Build.0 = Debug|x64
		{FC25FB6D-4D72-456E-8390-4242E44AA609}.Debug|x86.ActiveCfg = Debug|Win32
		{FC25FB6D-4D72-456E-8390-4242E44AA609}.Debug|x86.Build.0 = Debug|Win32
		{FC25FB6D-4D72-456E-8390-4242E44AA609}.Release|x64.ActiveCfg = Release|x64
		{FC25FB6D-4D72-456E-8390-4242E44AA609}.Release|x64.Build.0 = Release|x64
		{FC25FB6D-4D72-456E-8390-4242E44AA609}.Release|x86.ActiveCfg = Release|Win32
		{FC25FB6D-4D72-456E-8390-4242E44AA609}.Release|x86.Build.0 = Release|Win32
		{A3D43E90-D4A5-4468-A41A-27E4F9D5F46A}.Debug|x64.ActiveCfg = Debug|x64
		{A3D43E90-D4A5-4468-A41A-27E4F9D5F46A}.Debug|x64.Build.0 = Debug|x64
		{A3D43E90-D4A5-4468-A41A-27E4F9D5F46A}.Debug|x86.ActiveCfg = Debug|Win32
		{A3D43E90-D4A5-4468-A41A-27E4F9D5F46A}.Debug|x86.Build.0 = Debug|Win32
		{A3D43E90-D4A5-4468-A41A-27E4F9D5F46A}.Release|x64.ActiveCfg = Release|x64
		{A3D43E90-D4A5-4468-A41A-27E4F9D5F46A}.Release|x64.Build.0 = Release|x64
		{A3D43E90-D4A5-4468-A41A-27E4F9D5F46A}.Release|x86.ActiveCfg = Release|Win32
		{A3D43E90-D4A5-4468-A41A-27E4F9D5F46A}.Release|x86.Build.0 = Release|Win32
		{0CAD0FFC-E495-4729-858D-B4799F536EE7}.Debug|x64.ActiveCfg = Debug|x64
		{0CAD0FFC-E495-4729-858D-B4799F536EE7}.Debug|x64.Build.0 = Debug|x64
		{0CAD0FFC-E495-4729-858D-B4799F536EE7}.Debug|x86.ActiveCfg = Debug|Win32
		{0CAD0FFC-E495-4729-858D-B4799F536EE7}.Debug|x86.Build.0 = Debug|Win32
		{0CAD0FFC-E495-4729-858D-B4799F536EE7}.Release|x64.ActiveCfg = Release|x64
		{0CAD0FFC-E495-4729-858D-B4799F536EE7}.Release|x64.Build.0 = Release|x64
		{0CAD0FFC-E495-4729-858D-B4799F536EE7}.Release|x86.ActiveCfg = Release|Win32
		{0CAD0FFC-E495-4729-858D-B4799F536EE7}.Release|x86.Build.0 = Release|Win32
		{14AFB9B7-139A-4FB0-983C-2AC745DCF9E9}.Debug|x64.ActiveCfg = Debug|x64
		{14AFB9B7-139A-4FB0-983C-2AC745DCF9E9}.Debug|x64.Build.0 = Debug|x64
		{14AFB9B7-139A-4FB0-983C-2AC745DCF9E9}.Debug|x86.ActiveCfg = Debug|Win32
		{14AFB9B7-139A-4FB0-983C-2AC745DCF9E9}.Debug|x86.Build.0 = Debug|Win32
		{14AFB9B7-139A-4FB0-983C-2AC745DCF9E9}.Release|x64.ActiveCfg = Release|x64
		{14AFB9B7-139A-4FB0-983C-2AC745DCF9E9}.Release|x64.Build.0 = Release|x64
		{14AFB9B7-139A-4FB0-983C-2AC745DCF9E9}.Release|x86.ActiveCfg = Release|Win32
		{14AFB9B7-139A-4FB0-983C-2AC745DCF9E9}.Release|x86.Build.0 = Release|Win32
		{A36CE595-5C13-4AE9-8E14-E432407D4299}.Debug|x64.ActiveCfg = Debug|x64
		{A36CE595-5C13-4AE9-8E14-E432407D4299}.Debug|x64.Build.0 = Debug|x64
		{A36CE595-5C13-4AE9-8E14-E432407D4299}.Debug|x86.ActiveCfg = Debug|Win32
		{A36CE595-5C13-4AE9-8E14-E432407D4299}.Debug|x86.Build.0 = Debug|Win32
		{A36CE595-5C13-4AE9-8E14-E432407D4299}.Release|x64.ActiveCfg = Release|x64
		{A36CE595-5C13-4AE9-8E14-E432407D4299}.Release|x64.Build.0 = Release|x64
		{A36CE595-5C13-4AE9-8E14-E432407D4299}.Release|x86.ActiveCfg = Release|Win32
		{A36CE595-5C13-4AE9-8E14-E432407D4299}.Release|x86.Build.0 = Release|Win32
		{8FACE3D6-8140-41DD-A524-00E7D7D2E48E}.Debug|x64.ActiveCfg = Debug|x64
		{8FACE3D6-8140-41DD-A524-00E7D7D2E48E}.Debug|x64.Build.0 = Debug|x64
		{8FACE3D6-8140-41DD-A524-00E7D7D2E48E}.Debug|x86.ActiveCfg = Debug|Win32
		{8FACE3D6-8140-41DD-A524-00E7D7D2E48E}.Debug|x86.Build.0 = Debug|Win32
		{8FACE3D6-8140-41DD-A524-00E7D7D2E48E}.Release|x64.ActiveCfg = Release|x64
		{8FACE3D6-8140-41DD-A524-00E7D7D2E48E}.Release|x64.Build.0 = Release|x64
		{8FACE3D6-8140-41DD-A524-00E7D7D2E48E}.Release|x86.ActiveCfg = Release|Win32
		{8FACE3D6-8140-41DD-A524-00E7D7D2E48E}.Release|x86.Build.0 = Release|Win32
		{48ED85B1-C706-419E-897A-FE028EEC9E7A}.Debug|x64.ActiveCfg = Debug|x64
		{48ED85B1-C706-419E-897A-FE028EEC9E7A}.Debug|x64.Build.0 = Debug|x64
		{48ED85B1-C706-419E-897A-FE028EEC9E7A}.Debug|x86.ActiveCfg = Debug|Win32
		{48ED85B1-C706-419E-897A-FE028EEC9E7A}.Debug|x86.Build.0 = Debug|Win32
		{48ED85B1-C706-419E-897A-FE028EEC9E7A}.Release|x64.ActiveCfg = Release|x64
		{48ED85B1-C706-419E-897A-FE028EEC9E7A}.Release|x64.Build.0 = Release|x64
		{48ED85B1-C706-419E-897A-FE028EEC9E7A}.Release|x86.ActiveCfg = Release|Win32
		{48ED85B1-C706-419E-897A-FE028EEC9E7A}.Release|x86.Build.0 = Release|Win32
	EndGlobalSection
	GlobalSection(SolutionProperties) = preSolution
		HideSolutionNode = FALSE
	EndGlobalSection
	GlobalSection(NestedProjects) = preSolution
		{9CB217CC-7729-44A9-97EB-53453CB9545E} = {42625341-5960-4F97-B166-FEFA0271CCF5}
		{6C93FCE3-ADA4-4D2D-8018-F3A5BC8EC189} = {9CB217CC-7729-44A9-97EB-53453CB9545E}
		{883B7328-D1A9-478B-9963-211BB1934A91} = {9CB217CC-7729-44A9-97EB-53453CB9545E}
		{FC25FB6D-4D72-456E-8390-4242E44AA609} = {9CB217CC-7729-44A9-97EB-53453CB9545E}
		{A3D43E90-D4A5-4468-A41A-27E4F9D5F46A} = {9CB217CC-7729-44A9-97EB-53453CB9545E}
		{0CAD0FFC-E495-4729-858D-B4799F536EE7} = {9CB217CC-7729-44A9-97EB-53453CB9545E}
		{14AFB9B7-139A-4FB0-983C-2AC745DCF9E9} = {9CB217CC-7729-44A9-97EB-53453CB9545E}
		{A36CE595-5C13-4AE9-8E14-E432407D4299} = {9CB217CC-7729-44A9-97EB-53453CB9545E}
		{8FACE3D6-8140-41DD-A524-00E7D7D2E48E} = {9CB217CC-7729-44A9-97EB-53453CB9545E}
		{48ED85B1-C706-419E-897A-FE028EEC9E7A} = {9CB217CC-7729-44A9-97EB-53453CB9545E}
	EndGlobalSection
	GlobalSection(ExtensibilityGlobals) = postSolution
		SolutionGuid = {9C072272-9589-4AE5-90AF-7C05D104B582}
	EndGlobalSection
EndGlobal
