<?xml version="1.0" encoding="utf-8"?>
<Project ToolsVersion="4.0" xmlns="http://schemas.microsoft.com/developer/msbuild/2003">
  <ItemGroup>
    <Filter Include="Source Files">
      <UniqueIdentifier>{97c58ae4-6a04-424f-a4bf-68101c553bac}</UniqueIdentifier>
    </Filter>
  </ItemGroup>
  <ItemGroup>
    <None Include="roken.h.in">
      <Filter>Source Files</Filter>
    </None>
  </ItemGroup>
  <ItemGroup>
    <CustomBuild Include="roken.awk" />
  </ItemGroup>
  <ItemGroup>
    <ClCompile Include="$(OBJ)\make-roken.c">
      <Filter>Source Files</Filter>
    </ClCompile>
  </ItemGroup>
</Project>
