<?xml version="1.0" encoding="utf-8"?>
<Project ToolsVersion="4.0" xmlns="http://schemas.microsoft.com/developer/msbuild/2003">
  <ItemGroup>
    <Filter Include="Source Files">
      <UniqueIdentifier>{97c58ae4-6a04-424f-a4bf-68101c553bac}</UniqueIdentifier>
    </Filter>
    <Filter Include="Header Files">
      <UniqueIdentifier>{6abde8c0-7f33-4b63-a5de-10a7a755133a}</UniqueIdentifier>
    </Filter>
  </ItemGroup>
  <ItemGroup>
    <CustomBuild Include="slc-gram.y">
      <Filter>Source Files</Filter>
    </CustomBuild>
    <CustomBuild Include="slc-lex.l">
      <Filter>Source Files</Filter>
    </CustomBuild>
  </ItemGroup>
  <ItemGroup>
    <ClCompile Include="$(OBJ)\slc-gram.c">
      <Filter>Source Files</Filter>
    </ClCompile>
    <ClCompile Include="$(OBJ)\slc-lex.c">
      <Filter>Source Files</Filter>
    </ClCompile>
  </ItemGroup>
</Project>